
Microsoft Visual Studio Solution File, Format Version 12.00
# Visual Studio Version 16
VisualStudioVersion = 16.0.29403.142
MinimumVisualStudioVersion = 10.0.40219.1
Project("{FAE04EC0-301F-11D3-BF4B-00C04F79EFBC}") = "Polymorfism Virtual", "Polymorfism Virtual\Polymorfism Virtual.csproj", "{1E1284FC-1BA2-4477-9031-60C56B7D2CF9}"
EndProject
Global
	GlobalSection(SolutionConfigurationPlatforms) = preSolution
		Debug|Any CPU = Debug|Any CPU
		Release|Any CPU = Release|Any CPU
	EndGlobalSection
	GlobalSection(ProjectConfigurationPlatforms) = postSolution
		{1E1284FC-1BA2-4477-9031-60C56B7D2CF9}.Debug|Any CPU.ActiveCfg = Debug|Any CPU
		{1E1284FC-1BA2-4477-9031-60C56B7D2CF9}.Debug|Any CPU.Build.0 = Debug|Any CPU
		{1E1284FC-1BA2-4477-9031-60C56B7D2CF9}.Release|Any CPU.ActiveCfg = Release|Any CPU
		{1E1284FC-1BA2-4477-9031-60C56B7D2CF9}.Release|Any CPU.Build.0 = Release|Any CPU
	EndGlobalSection
	GlobalSection(SolutionProperties) = preSolution
		HideSolutionNode = FALSE
	EndGlobalSection
	GlobalSection(ExtensibilityGlobals) = postSolution
		SolutionGuid = {54B9C12F-4E87-4A5A-A6C2-3151810803B4}
	EndGlobalSection
EndGlobal
